
Microsoft Visual Studio Solution File, Format Version 12.00
# Visual Studio Version 16
VisualStudioVersion = 16.0.30320.27
MinimumVisualStudioVersion = 10.0.40219.1
Project("{FAE04EC0-301F-11D3-BF4B-00C04F79EFBC}") = "del", "del.csproj", "{DA0EDF73-196D-45A9-8DEF-F3C6D5EC26A9}"
EndProject
Global
	GlobalSection(SolutionConfigurationPlatforms) = preSolution
		Debug|Any CPU = Debug|Any CPU
		Release|Any CPU = Release|Any CPU
	EndGlobalSection
	GlobalSection(ProjectConfigurationPlatforms) = postSolution
		{DA0EDF73-196D-45A9-8DEF-F3C6D5EC26A9}.Debug|Any CPU.ActiveCfg = Debug|Any CPU
		{DA0EDF73-196D-45A9-8DEF-F3C6D5EC26A9}.Debug|Any CPU.Build.0 = Debug|Any CPU
		{DA0EDF73-196D-45A9-8DEF-F3C6D5EC26A9}.Release|Any CPU.ActiveCfg = Release|Any CPU
		{DA0EDF73-196D-45A9-8DEF-F3C6D5EC26A9}.Release|Any CPU.Build.0 = Release|Any CPU
	EndGlobalSection
	GlobalSection(SolutionProperties) = preSolution
		HideSolutionNode = FALSE
	EndGlobalSection
	GlobalSection(ExtensibilityGlobals) = postSolution
		SolutionGuid = {2073DE48-0193-491A-9515-98CA003B172C}
	EndGlobalSection
EndGlobal
