
Microsoft Visual Studio Solution File, Format Version 12.00
# Visual Studio Version 16
VisualStudioVersion = 16.0.30320.27
MinimumVisualStudioVersion = 10.0.40219.1
Project("{FAE04EC0-301F-11D3-BF4B-00C04F79EFBC}") = "Project01-HelloWPF", "Project01-HelloWPF.csproj", "{FF8D507B-90A8-4E4B-9A71-328E674D96B6}"
EndProject
Project("{FAE04EC0-301F-11D3-BF4B-00C04F79EFBC}") = "Project02_Calculator", "..\Project02_Calculator\Project02_Calculator.csproj", "{EDBD6F6B-80D5-4460-AADC-0152B7D26EDE}"
EndProject
Global
	GlobalSection(SolutionConfigurationPlatforms) = preSolution
		Debug|Any CPU = Debug|Any CPU
		Release|Any CPU = Release|Any CPU
	EndGlobalSection
	GlobalSection(ProjectConfigurationPlatforms) = postSolution
		{FF8D507B-90A8-4E4B-9A71-328E674D96B6}.Debug|Any CPU.ActiveCfg = Debug|Any CPU
		{FF8D507B-90A8-4E4B-9A71-328E674D96B6}.Debug|Any CPU.Build.0 = Debug|Any CPU
		{FF8D507B-90A8-4E4B-9A71-328E674D96B6}.Release|Any CPU.ActiveCfg = Release|Any CPU
		{FF8D507B-90A8-4E4B-9A71-328E674D96B6}.Release|Any CPU.Build.0 = Release|Any CPU
		{EDBD6F6B-80D5-4460-AADC-0152B7D26EDE}.Debug|Any CPU.ActiveCfg = Debug|Any CPU
		{EDBD6F6B-80D5-4460-AADC-0152B7D26EDE}.Debug|Any CPU.Build.0 = Debug|Any CPU
		{EDBD6F6B-80D5-4460-AADC-0152B7D26EDE}.Release|Any CPU.ActiveCfg = Release|Any CPU
		{EDBD6F6B-80D5-4460-AADC-0152B7D26EDE}.Release|Any CPU.Build.0 = Release|Any CPU
	EndGlobalSection
	GlobalSection(SolutionProperties) = preSolution
		HideSolutionNode = FALSE
	EndGlobalSection
	GlobalSection(ExtensibilityGlobals) = postSolution
		SolutionGuid = {A0F1D102-709A-4A28-9844-55BE29E991D7}
	EndGlobalSection
EndGlobal
