
Microsoft Visual Studio Solution File, Format Version 12.00
# Visual Studio Version 16
VisualStudioVersion = 16.0.30114.105
MinimumVisualStudioVersion = 10.0.40219.1
Project("{FAE04EC0-301F-11D3-BF4B-00C04F79EFBC}") = "Datatype", "Datatype\Datatype.csproj", "{2BBE525B-0376-4432-947D-ED4479F88968}"
EndProject
Global
	GlobalSection(SolutionConfigurationPlatforms) = preSolution
		Debug|Any CPU = Debug|Any CPU
		Release|Any CPU = Release|Any CPU
	EndGlobalSection
	GlobalSection(ProjectConfigurationPlatforms) = postSolution
		{2BBE525B-0376-4432-947D-ED4479F88968}.Debug|Any CPU.ActiveCfg = Debug|Any CPU
		{2BBE525B-0376-4432-947D-ED4479F88968}.Debug|Any CPU.Build.0 = Debug|Any CPU
		{2BBE525B-0376-4432-947D-ED4479F88968}.Release|Any CPU.ActiveCfg = Release|Any CPU
		{2BBE525B-0376-4432-947D-ED4479F88968}.Release|Any CPU.Build.0 = Release|Any CPU
	EndGlobalSection
	GlobalSection(SolutionProperties) = preSolution
		HideSolutionNode = FALSE
	EndGlobalSection
	GlobalSection(ExtensibilityGlobals) = postSolution
		SolutionGuid = {B64E168E-FBD8-46E7-A59E-4C663D5F6467}
	EndGlobalSection
EndGlobal
