
Microsoft Visual Studio Solution File, Format Version 12.00
# Visual Studio 15
VisualStudioVersion = 15.0.26730.16
MinimumVisualStudioVersion = 10.0.40219.1
Project("{FAE04EC0-301F-11D3-BF4B-00C04F79EFBC}") = "StructsC", "StructsC\StructsC.csproj", "{89AFE52E-B2D5-42CA-B948-0E89C87BE7A2}"
EndProject
Global
	GlobalSection(SolutionConfigurationPlatforms) = preSolution
		Debug|Any CPU = Debug|Any CPU
		Release|Any CPU = Release|Any CPU
	EndGlobalSection
	GlobalSection(ProjectConfigurationPlatforms) = postSolution
		{89AFE52E-B2D5-42CA-B948-0E89C87BE7A2}.Debug|Any CPU.ActiveCfg = Debug|Any CPU
		{89AFE52E-B2D5-42CA-B948-0E89C87BE7A2}.Debug|Any CPU.Build.0 = Debug|Any CPU
		{89AFE52E-B2D5-42CA-B948-0E89C87BE7A2}.Release|Any CPU.ActiveCfg = Release|Any CPU
		{89AFE52E-B2D5-42CA-B948-0E89C87BE7A2}.Release|Any CPU.Build.0 = Release|Any CPU
	EndGlobalSection
	GlobalSection(SolutionProperties) = preSolution
		HideSolutionNode = FALSE
	EndGlobalSection
	GlobalSection(ExtensibilityGlobals) = postSolution
		SolutionGuid = {B767C816-E0A3-4F54-9566-1DA27012C0E5}
	EndGlobalSection
EndGlobal
